# This file is automatically @generated by Cargo.
# It is not intended for manual editing.
version = 3

[[package]]
name = "fixture-app"
version = "0.1.0"
dependencies = [
 "gitdep",
 "local-helper",
 "serde",
 "serde_json",
]

[[package]]
name = "gitdep"
version = "0.2.0"
source = "git+https://example.invalid/gitdep.git#0000000000000000000000000000000000000000"

[[package]]
name = "local-helper"
version = "0.1.0"

[[package]]
name = "serde"
version = "1.0.219"
source = "registry+https://github.com/rust-lang/crates.io-index"
checksum = "5f0e2c6ed6606019b4e29e69dbaba95b11854410e5347d525002456dbbb786b6"
dependencies = [
 "serde_derive",
]

[[package]]
name = "serde_derive"
version = "1.0.219"
source = "registry+https://github.com/rust-lang/crates.io-index"
checksum = "5b0276cf7f2c73365f7157c8123c21cd9a45b75e1cd8c2cb2f1ad07cf699cc99"

[[package]]
name = "serde_json"
version = "1.0.140"
source = "registry+https://github.com/rust-lang/crates.io-index"
checksum = "20068b6e96dc6c9bd23e01df8827e6c7e1f2fddd43c21810382803c136b9937"
