{
  "name": "e2e-fixture",
  "version": "1.0.0",
  "lockfileVersion": 3,
  "requires": true,
  "packages": {
    "": {
      "name": "e2e-fixture",
      "version": "1.0.0",
      "dependencies": {
        "axios": "^1.12.0",
        "local-lib": "file:../local-lib"
      }
    },
    "node_modules/axios": {
      "version": "1.12.0",
      "resolved": "https://registry.npmjs.org/axios/-/axios-1.12.0.tgz",
      "integrity": "sha512-e2e-fixture-not-real"
    },
    "node_modules/local-lib": {
      "resolved": "../local-lib",
      "link": true
    },
    "../local-lib": {
      "name": "local-lib",
      "version": "0.0.1"
    }
  }
}
