GEM
  remote: https://rubygems.org/
  specs:
    abbrev (0.1.2)
    minitest (5.27.0)
    ostruct (0.6.3)
    set (1.1.3)

PLATFORMS
  ruby
  x86_64-linux-musl

DEPENDENCIES
  abbrev (= 0.1.2)
  minitest (= 5.27.0)
  ostruct (= 0.6.3)
  set (= 1.1.3)

CHECKSUMS
  abbrev (0.1.2) sha256=ad1b4eaaaed4cb722d5684d63949e4bde1d34f2a95e20db93aecfe7cbac74242
  bundler (4.0.18) sha256=02d9a17429de1847b4e0c9f27a9ee4b20c0a74c0a641b4e77195d6019e3618ac
  minitest (5.27.0) sha256=2d3b17f8a36fe7801c1adcffdbc38233b938eb0b4966e97a6739055a45fa77d5
  ostruct (0.6.3) sha256=95a2ed4a4bd1d190784e666b47b2d3f078e4a9efda2fccf18f84ddc6538ed912
  set (1.1.3) sha256=12bbbd31c8b177d55ac0314bcc7f4c473276b06e8a2dcfdc14326e73ce7769ce

BUNDLED WITH
  4.0.18
