{
  "name": "csx-fix-zod-463-properties-is-a-check",
  "version": "1.0.0",
  "lockfileVersion": 3,
  "requires": true,
  "packages": {
    "": {
      "name": "csx-fix-zod-463-properties-is-a-check",
      "version": "1.0.0",
      "license": "MIT-0",
      "dependencies": {
        "zod": "4.6.3"
      }
    },
    "node_modules/zod": {
      "version": "4.6.3",
      "resolved": "https://registry.npmjs.org/zod/-/zod-4.6.3.tgz",
      "integrity": "sha512-qTMC0QXIpf4iH+G0rCJl6ZjKiFpqAU9++JDN8tqts3KP58MWeJU/in9tDccsHqlOolCIrBKsiPXR8vCLhe4QhA==",
      "license": "MIT",
      "funding": {
        "url": "https://github.com/sponsors/colinhacks"
      }
    }
  }
}
