{
  "name": "csx-nanostores-lazy-mount",
  "version": "1.0.0",
  "lockfileVersion": 3,
  "requires": true,
  "packages": {
    "": {
      "name": "csx-nanostores-lazy-mount",
      "version": "1.0.0",
      "license": "MIT-0",
      "dependencies": {
        "nanostores": "1.4.2"
      }
    },
    "node_modules/nanostores": {
      "version": "1.4.2",
      "resolved": "https://registry.npmjs.org/nanostores/-/nanostores-1.4.2.tgz",
      "integrity": "sha512-Wxv8Roefr2nqtiRG0bnaFlpYqpIVtOEeJZHaH+4nGgOK1/7n6OHOuHCb/bhqrNQgZM8fyd0s1PqhdrJc9Ib44g==",
      "funding": [
        {
          "type": "github",
          "url": "https://github.com/sponsors/ai"
        }
      ],
      "license": "MIT",
      "engines": {
        "node": "^20.0.0 || >=22.0.0"
      }
    }
  }
}
