# This file is automatically @generated by Poetry 2.1.1 and should not be changed by hand.

[[package]]
name = "fastapi"
version = "0.116.0"
description = "FastAPI framework, high performance, easy to learn, fast to code, ready for production"
optional = false
python-versions = ">=3.8"
files = []

[package.dependencies]
pydantic = ">=1.7.4,<3.0.0"
starlette = ">=0.40.0,<0.48.0"

[[package]]
name = "pydantic"
version = "2.11.0"
description = "Data validation using Python type hints"
optional = false
python-versions = ">=3.9"
files = []

[metadata]
lock-version = "2.1"
python-versions = ">=3.9"
content-hash = "0000000000000000000000000000000000000000000000000000000000000000"
